{
  "name": "academia-lr",
  "version": "1.0.0",
  "lockfileVersion": 3,
  "requires": true,
  "packages": {
    "": {
      "name": "academia-lr",
      "version": "1.0.0",
      "dependencies": {
        "react": "^18.2.0",
        "react-dom": "^18.2.0",
        "recharts": "^2.12.0"
      },
      "devDependencies": {
        "@vitejs/plugin-react": "^4.2.0",
        "gh-pages": "^6.1.1",
        "vite": "^5.1.0"
      }
    }
  }
}
